version: 7
platforms:
- name: linux-64
  virtual-packages:
  - __unix=0=0
  - __linux=4.18
  - __glibc=2.28
  - __archspec=0=x86_64
environments:
  default:
    channels:
    - url: https://conda.anaconda.org/conda-forge/
    packages:
      linux-64:
      - conda: https://conda.anaconda.org/conda-forge/linux-64/_openmp_mutex-4.5-20_gnu.conda
      - conda: https://conda.anaconda.org/conda-forge/linux-64/actionlint-1.7.12-h8bc977c_0.conda
      - conda: https://conda.anaconda.org/conda-forge/linux-64/libgcc-16.2.0-ha9f2e26_5.conda
      - conda: https://conda.anaconda.org/conda-forge/linux-64/libgomp-16.2.0-he0feb66_5.conda
packages:
- conda: https://conda.anaconda.org/conda-forge/linux-64/_openmp_mutex-4.5-20_gnu.conda
  build_number: 20
  sha256: 1dd3fffd892081df9726d7eb7e0dea6198962ba775bd88842135a4ddb4deb3c9
  md5: a9f577daf3de00bca7c3c76c0ecbd1de
  depends:
  - __glibc >=2.17,<3.0.a0
  - libgomp >=7.5.0
  constrains:
  - openmp_impl <0.0a0
  license: BSD-3-Clause
  license_family: BSD
  run_exports:
    strong:
    - _openmp_mutex >=4.5
  size: 28948
  timestamp: 1770939786096
- conda: https://conda.anaconda.org/conda-forge/linux-64/actionlint-1.7.12-h8bc977c_0.conda
  sha256: 1fff5ee0d83045ef90104ca83f52b4c44feb4ab2036fc7903fe9733f50721209
  md5: bab393750db08f50eebaf96f50d18734
  depends:
  - libgcc >=14
  - __glibc >=2.17
  - __glibc >=2.17,<3.0.a0
  license: MIT
  license_family: MIT
  run_exports: {}
  size: 2131192
  timestamp: 1774975766537
- conda: https://conda.anaconda.org/conda-forge/linux-64/libgcc-16.2.0-ha9f2e26_5.conda
  sha256: 33d1b5d57c5a55a474330c5ec41fe7001a5aa600d9639389e8ce5edafae216a4
  md5: 3b62b92f0f082b67c59618ebf07617a7
  depends:
  - __glibc >=2.17,<3.0.a0
  - _openmp_mutex >=4.5
  constrains:
  - libgcc-ng ==16.2.0=*_5
  - libgomp 16.2.0 he0feb66_5
  license: GPL-3.0-only WITH GCC-exception-3.1
  run_exports: {}
  size: 1057064
  timestamp: 1789485807107
- conda: https://conda.anaconda.org/conda-forge/linux-64/libgomp-16.2.0-he0feb66_5.conda
  sha256: 224a5a09e258a1a257089a9af310e9336e1d36834959718a9fab8679742dd822
  md5: af44890f8a2beefd3a83805a59a65014
  depends:
  - __glibc >=2.17,<3.0.a0
  license: GPL-3.0-only WITH GCC-exception-3.1
  run_exports:
    strong:
    - _openmp_mutex >=4.5
  size: 641644
  timestamp: 1789485759120
